{
  "version": 4,
  "terraform_version": "1.11.4",
  "serial": 29,
  "lineage": "b24b996c-16a8-76df-db0a-575342b2d532",
  "outputs": {},
  "resources": [
    {
      "mode": "data",
      "type": "aws_caller_identity",
      "name": "current_identity",
      "provider": "provider[\"registry.terraform.io/hashicorp/aws\"]",
      "instances": [
        {
          "schema_version": 0,
          "attributes": {
            "account_id": "416586669932",
            "arn": "arn:aws:iam::416586669932:user/DE_vm",
            "id": "416586669932",
            "user_id": "AIDAWB7UAD5WORU7WXNO4"
          },
          "sensitive_attributes": []
        }
      ]
    },
    {
      "module": "module.ecr_image",
      "mode": "data",
      "type": "aws_ecr_image",
      "name": "lambda_image",
      "provider": "provider[\"registry.terraform.io/hashicorp/aws\"]",
      "instances": [
        {
          "schema_version": 0,
          "attributes": {
            "id": "sha256:19f5779038d3122c8db69a9ceee9a892508ceecd6badcf4fe03d49eaafaa0950",
            "image_digest": "sha256:19f5779038d3122c8db69a9ceee9a892508ceecd6badcf4fe03d49eaafaa0950",
            "image_pushed_at": 1747139178,
            "image_size_in_bytes": 657527687,
            "image_tag": "v1",
            "image_tags": [
              "v1"
            ],
            "image_uri": "416586669932.dkr.ecr.eu-west-3.amazonaws.com/my-lambda-repo_practice@sha256:19f5779038d3122c8db69a9ceee9a892508ceecd6badcf4fe03d49eaafaa0950",
            "most_recent": null,
            "registry_id": "416586669932",
            "repository_name": "my-lambda-repo_practice"
          },
          "sensitive_attributes": []
        }
      ]
    },
    {
      "module": "module.ecr_image",
      "mode": "managed",
      "type": "aws_ecr_repository",
      "name": "real_test",
      "provider": "provider[\"registry.terraform.io/hashicorp/aws\"]",
      "instances": [
        {
          "schema_version": 0,
          "attributes": {
            "arn": "arn:aws:ecr:eu-west-3:416586669932:repository/my-lambda-repo_practice",
            "encryption_configuration": [
              {
                "encryption_type": "AES256",
                "kms_key": ""
              }
            ],
            "force_delete": true,
            "id": "my-lambda-repo_practice",
            "image_scanning_configuration": [
              {
                "scan_on_push": false
              }
            ],
            "image_tag_mutability": "MUTABLE",
            "name": "my-lambda-repo_practice",
            "registry_id": "416586669932",
            "repository_url": "416586669932.dkr.ecr.eu-west-3.amazonaws.com/my-lambda-repo_practice",
            "tags": {},
            "tags_all": {},
            "timeouts": null
          },
          "sensitive_attributes": [],
          "private": "eyJlMmJmYjczMC1lY2FhLTExZTYtOGY4OC0zNDM2M2JjN2M0YzAiOnsiZGVsZXRlIjoxMjAwMDAwMDAwMDAwfX0="
        }
      ]
    },
    {
      "module": "module.ecr_image",
      "mode": "managed",
      "type": "null_resource",
      "name": "ecr_image",
      "provider": "provider[\"registry.terraform.io/hashicorp/null\"]",
      "instances": [
        {
          "schema_version": 0,
          "attributes": {
            "id": "6117652960166378581",
            "triggers": {
              "docker_file": "75eff98b98d7a08eb0d7293d8e2fd7c7",
              "python_file": "ed47ddbc7beacafad31d129a1abc0e01"
            }
          },
          "sensitive_attributes": [],
          "dependencies": [
            "module.ecr_image.aws_ecr_repository.real_test"
          ]
        }
      ]
    },
    {
      "module": "module.lambda_function",
      "mode": "managed",
      "type": "aws_lambda_event_source_mapping",
      "name": "kinesis_mapping",
      "provider": "provider[\"registry.terraform.io/hashicorp/aws\"]",
      "instances": [
        {
          "schema_version": 0,
          "attributes": {
            "amazon_managed_kafka_event_source_config": [],
            "arn": "arn:aws:lambda:eu-west-3:416586669932:event-source-mapping:7c797f14-e5db-4673-b2f8-0f13e7040919",
            "batch_size": 100,
            "bisect_batch_on_function_error": false,
            "destination_config": [
              {
                "on_failure": [
                  {
                    "destination_arn": null
                  }
                ]
              }
            ],
            "document_db_event_source_config": [],
            "enabled": true,
            "event_source_arn": "arn:aws:kinesis:eu-west-3:416586669932:stream/ride_events-practice",
            "filter_criteria": [],
            "function_arn": "arn:aws:lambda:eu-west-3:416586669932:function:lambda-kinesis-function_practice",
            "function_name": "arn:aws:lambda:eu-west-3:416586669932:function:lambda-kinesis-function_practice",
            "function_response_types": [],
            "id": "7c797f14-e5db-4673-b2f8-0f13e7040919",
            "kms_key_arn": "",
            "last_modified": "2025-05-13T13:14:00Z",
            "last_processing_result": "No records processed",
            "maximum_batching_window_in_seconds": 0,
            "maximum_record_age_in_seconds": -1,
            "maximum_retry_attempts": -1,
            "metrics_config": [],
            "parallelization_factor": 1,
            "provisioned_poller_config": [],
            "queues": [],
            "scaling_config": [],
            "self_managed_event_source": [],
            "self_managed_kafka_event_source_config": [],
            "source_access_configuration": [],
            "starting_position": "LATEST",
            "starting_position_timestamp": "",
            "state": "Enabled",
            "state_transition_reason": "User action",
            "tags": {},
            "tags_all": {},
            "topics": [],
            "tumbling_window_in_seconds": 0,
            "uuid": "7c797f14-e5db-4673-b2f8-0f13e7040919"
          },
          "sensitive_attributes": [],
          "private": "bnVsbA==",
          "dependencies": [
            "module.ecr_image.aws_ecr_repository.real_test",
            "module.ecr_image.data.aws_ecr_image.lambda_image",
            "module.ecr_image.null_resource.ecr_image",
            "module.lambda_function.aws_lambda_function.kinesis_lambda",
            "module.s3.aws_s3_bucket.s3_bucket",
            "module.source_kinesis_stream.aws_kinesis_stream.stream"
          ]
        }
      ]
    },
    {
      "module": "module.lambda_function",
      "mode": "managed",
      "type": "aws_lambda_function",
      "name": "kinesis_lambda",
      "provider": "provider[\"registry.terraform.io/hashicorp/aws\"]",
      "instances": [
        {
          "schema_version": 0,
          "attributes": {
            "architectures": [
              "x86_64"
            ],
            "arn": "arn:aws:lambda:eu-west-3:416586669932:function:lambda-kinesis-function_practice",
            "code_sha256": "19f5779038d3122c8db69a9ceee9a892508ceecd6badcf4fe03d49eaafaa0950",
            "code_signing_config_arn": "",
            "dead_letter_config": [],
            "description": "",
            "environment": [
              {
                "variables": {
                  "MODEL_BUCKET": "mlops-storage-practice",
                  "PREDICTIONS_STREAM_NAME": "ride_predictions"
                }
              }
            ],
            "ephemeral_storage": [
              {
                "size": 512
              }
            ],
            "file_system_config": [],
            "filename": null,
            "function_name": "lambda-kinesis-function_practice",
            "handler": "",
            "id": "lambda-kinesis-function_practice",
            "image_config": [],
            "image_uri": "416586669932.dkr.ecr.eu-west-3.amazonaws.com/my-lambda-repo_practice:v1",
            "invoke_arn": "arn:aws:apigateway:eu-west-3:lambda:path/2015-03-31/functions/arn:aws:lambda:eu-west-3:416586669932:function:lambda-kinesis-function_practice/invocations",
            "kms_key_arn": "",
            "last_modified": "2025-05-13T13:14:43.000+0000",
            "layers": [],
            "logging_config": [
              {
                "application_log_level": "",
                "log_format": "Text",
                "log_group": "/aws/lambda/lambda-kinesis-function_practice",
                "system_log_level": ""
              }
            ],
            "memory_size": 512,
            "package_type": "Image",
            "publish": false,
            "qualified_arn": "arn:aws:lambda:eu-west-3:416586669932:function:lambda-kinesis-function_practice:$LATEST",
            "qualified_invoke_arn": "arn:aws:apigateway:eu-west-3:lambda:path/2015-03-31/functions/arn:aws:lambda:eu-west-3:416586669932:function:lambda-kinesis-function_practice:$LATEST/invocations",
            "replace_security_groups_on_destroy": null,
            "replacement_security_group_ids": null,
            "reserved_concurrent_executions": -1,
            "role": "arn:aws:iam::416586669932:role/lambda-kinesis-role",
            "runtime": "",
            "s3_bucket": null,
            "s3_key": null,
            "s3_object_version": null,
            "signing_job_arn": "",
            "signing_profile_version_arn": "",
            "skip_destroy": false,
            "snap_start": [],
            "source_code_hash": "",
            "source_code_size": 0,
            "tags": {},
            "tags_all": {},
            "timeout": 180,
            "timeouts": null,
            "tracing_config": [
              {
                "mode": "Active"
              }
            ],
            "version": "$LATEST",
            "vpc_config": []
          },
          "sensitive_attributes": [],
          "private": "eyJlMmJmYjczMC1lY2FhLTExZTYtOGY4OC0zNDM2M2JjN2M0YzAiOnsiY3JlYXRlIjo2MDAwMDAwMDAwMDAsImRlbGV0ZSI6NjAwMDAwMDAwMDAwLCJ1cGRhdGUiOjYwMDAwMDAwMDAwMH19",
          "dependencies": [
            "module.ecr_image.aws_ecr_repository.real_test",
            "module.ecr_image.data.aws_ecr_image.lambda_image",
            "module.ecr_image.null_resource.ecr_image",
            "module.s3.aws_s3_bucket.s3_bucket"
          ]
        }
      ]
    },
    {
      "module": "module.lambda_function",
      "mode": "managed",
      "type": "aws_lambda_function_event_invoke_config",
      "name": "kinesis_lambda_event",
      "provider": "provider[\"registry.terraform.io/hashicorp/aws\"]",
      "instances": [
        {
          "schema_version": 0,
          "attributes": {
            "destination_config": [],
            "function_name": "lambda-kinesis-function_practice",
            "id": "lambda-kinesis-function_practice",
            "maximum_event_age_in_seconds": 60,
            "maximum_retry_attempts": 0,
            "qualifier": ""
          },
          "sensitive_attributes": [],
          "private": "bnVsbA==",
          "dependencies": [
            "module.ecr_image.aws_ecr_repository.real_test",
            "module.ecr_image.data.aws_ecr_image.lambda_image",
            "module.ecr_image.null_resource.ecr_image",
            "module.lambda_function.aws_lambda_function.kinesis_lambda",
            "module.s3.aws_s3_bucket.s3_bucket"
          ]
        }
      ]
    },
    {
      "module": "module.output_kinesis_stream",
      "mode": "managed",
      "type": "aws_kinesis_stream",
      "name": "stream",
      "provider": "provider[\"registry.terraform.io/hashicorp/aws\"]",
      "instances": [
        {
          "schema_version": 1,
          "attributes": {
            "arn": "arn:aws:kinesis:eu-west-3:416586669932:stream/ride_predictions",
            "encryption_type": "NONE",
            "enforce_consumer_deletion": false,
            "id": "arn:aws:kinesis:eu-west-3:416586669932:stream/ride_predictions",
            "kms_key_id": "",
            "name": "ride_predictions",
            "retention_period": 48,
            "shard_count": 2,
            "shard_level_metrics": [
              "IncomingBytes",
              "IncomingRecords",
              "IteratorAgeMilliseconds",
              "OutgoingBytes",
              "OutgoingRecords",
              "ReadProvisionedThroughputExceeded",
              "WriteProvisionedThroughputExceeded"
            ],
            "stream_mode_details": [
              {
                "stream_mode": "PROVISIONED"
              }
            ],
            "tags": {
              "CreatedBy": "practice"
            },
            "tags_all": {
              "CreatedBy": "practice"
            },
            "timeouts": null
          },
          "sensitive_attributes": [],
          "private": "eyJlMmJmYjczMC1lY2FhLTExZTYtOGY4OC0zNDM2M2JjN2M0YzAiOnsiY3JlYXRlIjozMDAwMDAwMDAwMDAsImRlbGV0ZSI6NzIwMDAwMDAwMDAwMCwidXBkYXRlIjo3MjAwMDAwMDAwMDAwfSwic2NoZW1hX3ZlcnNpb24iOiIxIn0="
        }
      ]
    },
    {
      "module": "module.s3",
      "mode": "managed",
      "type": "aws_s3_bucket",
      "name": "s3_bucket",
      "provider": "provider[\"registry.terraform.io/hashicorp/aws\"]",
      "instances": [
        {
          "schema_version": 0,
          "attributes": {
            "acceleration_status": "",
            "acl": null,
            "arn": "arn:aws:s3:::mlops-storage-practice",
            "bucket": "mlops-storage-practice",
            "bucket_domain_name": "mlops-storage-practice.s3.amazonaws.com",
            "bucket_prefix": "",
            "bucket_regional_domain_name": "mlops-storage-practice.s3.eu-west-3.amazonaws.com",
            "cors_rule": [],
            "force_destroy": true,
            "grant": [
              {
                "id": "d9e622cbad9ce7354b5b9a5cdb57258ec67f74f118251a5ef24c137166995c6b",
                "permissions": [
                  "FULL_CONTROL"
                ],
                "type": "CanonicalUser",
                "uri": ""
              }
            ],
            "hosted_zone_id": "Z3R1K369G5AVDG",
            "id": "mlops-storage-practice",
            "lifecycle_rule": [],
            "logging": [],
            "object_lock_configuration": [],
            "object_lock_enabled": false,
            "policy": "",
            "region": "eu-west-3",
            "replication_configuration": [],
            "request_payer": "BucketOwner",
            "server_side_encryption_configuration": [
              {
                "rule": [
                  {
                    "apply_server_side_encryption_by_default": [
                      {
                        "kms_master_key_id": "",
                        "sse_algorithm": "AES256"
                      }
                    ],
                    "bucket_key_enabled": false
                  }
                ]
              }
            ],
            "tags": {},
            "tags_all": {},
            "timeouts": null,
            "versioning": [
              {
                "enabled": false,
                "mfa_delete": false
              }
            ],
            "website": [],
            "website_domain": null,
            "website_endpoint": null
          },
          "sensitive_attributes": [],
          "private": "eyJlMmJmYjczMC1lY2FhLTExZTYtOGY4OC0zNDM2M2JjN2M0YzAiOnsiY3JlYXRlIjoxMjAwMDAwMDAwMDAwLCJkZWxldGUiOjM2MDAwMDAwMDAwMDAsInJlYWQiOjEyMDAwMDAwMDAwMDAsInVwZGF0ZSI6MTIwMDAwMDAwMDAwMH19"
        }
      ]
    },
    {
      "module": "module.source_kinesis_stream",
      "mode": "managed",
      "type": "aws_kinesis_stream",
      "name": "stream",
      "provider": "provider[\"registry.terraform.io/hashicorp/aws\"]",
      "instances": [
        {
          "schema_version": 1,
          "attributes": {
            "arn": "arn:aws:kinesis:eu-west-3:416586669932:stream/ride_events-practice",
            "encryption_type": "NONE",
            "enforce_consumer_deletion": false,
            "id": "arn:aws:kinesis:eu-west-3:416586669932:stream/ride_events-practice",
            "kms_key_id": "",
            "name": "ride_events-practice",
            "retention_period": 48,
            "shard_count": 1,
            "shard_level_metrics": [
              "IncomingBytes",
              "IncomingRecords",
              "IteratorAgeMilliseconds",
              "OutgoingBytes",
              "OutgoingRecords",
              "ReadProvisionedThroughputExceeded",
              "WriteProvisionedThroughputExceeded"
            ],
            "stream_mode_details": [
              {
                "stream_mode": "PROVISIONED"
              }
            ],
            "tags": {
              "CreatedBy": "practice"
            },
            "tags_all": {
              "CreatedBy": "practice"
            },
            "timeouts": null
          },
          "sensitive_attributes": [],
          "private": "eyJlMmJmYjczMC1lY2FhLTExZTYtOGY4OC0zNDM2M2JjN2M0YzAiOnsiY3JlYXRlIjozMDAwMDAwMDAwMDAsImRlbGV0ZSI6NzIwMDAwMDAwMDAwMCwidXBkYXRlIjo3MjAwMDAwMDAwMDAwfSwic2NoZW1hX3ZlcnNpb24iOiIxIn0="
        }
      ]
    }
  ],
  "check_results": null
}
